// !$*UTF8*$!
{
	archiveVersion = 1;
	classes = {
	};
	objectVersion = 55;
	objects = {

/* Begin PBXBuildFile section */
		043929B828B69B86004387DA /* AppDelegate.swift in Sources */ = {isa = PBXBuildFile; fileRef = 043929B728B69B86004387DA /* AppDelegate.swift */; };
		043929BA28B69B86004387DA /* SceneDelegate.swift in Sources */ = {isa = PBXBuildFile; fileRef = 043929B928B69B86004387DA /* SceneDelegate.swift */; };
		043929BC28B69B86004387DA /* ViewController.swift in Sources */ = {isa = PBXBuildFile; fileRef = 043929BB28B69B86004387DA /* ViewController.swift */; };
		043929BF28B69B86004387DA /* Main.storyboard in Resources */ = {isa = PBXBuildFile; fileRef = 043929BD28B69B86004387DA /* Main.storyboard */; };
		043929C228B69B86004387DA /* Convenience_Service.xcdatamodeld in Sources */ = {isa = PBXBuildFile; fileRef = 043929C028B69B86004387DA /* Convenience_Service.xcdatamodeld */; };
		043929C428B69B87004387DA /* Assets.xcassets in Resources */ = {isa = PBXBuildFile; fileRef = 043929C328B69B87004387DA /* Assets.xcassets */; };
		043929C728B69B87004387DA /* LaunchScreen.storyboard in Resources */ = {isa = PBXBuildFile; fileRef = 043929C528B69B87004387DA /* LaunchScreen.storyboard */; };
		043929D228B6A088004387DA /* HomeViewController.swift in Sources */ = {isa = PBXBuildFile; fileRef = 043929D128B6A088004387DA /* HomeViewController.swift */; };
		043929D628B6A2B3004387DA /* HomeModel.swift in Sources */ = {isa = PBXBuildFile; fileRef = 043929D528B6A2B3004387DA /* HomeModel.swift */; };
		04AE90C128B75E8500695AD4 /* ZCycleView.swift in Sources */ = {isa = PBXBuildFile; fileRef = 04AE90BE28B75E8500695AD4 /* ZCycleView.swift */; };
		04AE90C228B75E8500695AD4 /* ZCycleLayout.swift in Sources */ = {isa = PBXBuildFile; fileRef = 04AE90BF28B75E8500695AD4 /* ZCycleLayout.swift */; };
		04AE90C328B75E8500695AD4 /* ZPageControl.swift in Sources */ = {isa = PBXBuildFile; fileRef = 04AE90C028B75E8500695AD4 /* ZPageControl.swift */; };
		04AE90C528B7627300695AD4 /* CustomCollectionViewCell.swift in Sources */ = {isa = PBXBuildFile; fileRef = 04AE90C428B7627300695AD4 /* CustomCollectionViewCell.swift */; };
		04AE90C828B76FAF00695AD4 /* Home.swift in Sources */ = {isa = PBXBuildFile; fileRef = 04AE90C728B76FAF00695AD4 /* Home.swift */; };
		F6F8626B90604BF67286652A /* Pods_Convenience_Service.framework in Frameworks */ = {isa = PBXBuildFile; fileRef = B458351FFB2B84BF7D43227A /* Pods_Convenience_Service.framework */; };
/* End PBXBuildFile section */

/* Begin PBXFileReference section */
		043929B428B69B86004387DA /* Convenience Service.app */ = {isa = PBXFileReference; explicitFileType = wrapper.application; includeInIndex = 0; path = "Convenience Service.app"; sourceTree = BUILT_PRODUCTS_DIR; };
		043929B728B69B86004387DA /* AppDelegate.swift */ = {isa = PBXFileReference; lastKnownFileType = sourcecode.swift; path = AppDelegate.swift; sourceTree = "<group>"; };
		043929B928B69B86004387DA /* SceneDelegate.swift */ = {isa = PBXFileReference; lastKnownFileType = sourcecode.swift; path = SceneDelegate.swift; sourceTree = "<group>"; };
		043929BB28B69B86004387DA /* ViewController.swift */ = {isa = PBXFileReference; lastKnownFileType = sourcecode.swift; path = ViewController.swift; sourceTree = "<group>"; };
		043929BE28B69B86004387DA /* Base */ = {isa = PBXFileReference; lastKnownFileType = file.storyboard; name = Base; path = Base.lproj/Main.storyboard; sourceTree = "<group>"; };
		043929C128B69B86004387DA /* Convenience_Service.xcdatamodel */ = {isa = PBXFileReference; lastKnownFileType = wrapper.xcdatamodel; path = Convenience_Service.xcdatamodel; sourceTree = "<group>"; };
		043929C328B69B87004387DA /* Assets.xcassets */ = {isa = PBXFileReference; lastKnownFileType = folder.assetcatalog; path = Assets.xcassets; sourceTree = "<group>"; };
		043929C628B69B87004387DA /* Base */ = {isa = PBXFileReference; lastKnownFileType = file.storyboard; name = Base; path = Base.lproj/LaunchScreen.storyboard; sourceTree = "<group>"; };
		043929C828B69B87004387DA /* Info.plist */ = {isa = PBXFileReference; lastKnownFileType = text.plist.xml; path = Info.plist; sourceTree = "<group>"; };
		043929D128B6A088004387DA /* HomeViewController.swift */ = {isa = PBXFileReference; lastKnownFileType = sourcecode.swift; path = HomeViewController.swift; sourceTree = "<group>"; };
		043929D528B6A2B3004387DA /* HomeModel.swift */ = {isa = PBXFileReference; lastKnownFileType = sourcecode.swift; path = HomeModel.swift; sourceTree = "<group>"; };
		04AE90BE28B75E8500695AD4 /* ZCycleView.swift */ = {isa = PBXFileReference; fileEncoding = 4; lastKnownFileType = sourcecode.swift; path = ZCycleView.swift; sourceTree = "<group>"; };
		04AE90BF28B75E8500695AD4 /* ZCycleLayout.swift */ = {isa = PBXFileReference; fileEncoding = 4; lastKnownFileType = sourcecode.swift; path = ZCycleLayout.swift; sourceTree = "<group>"; };
		04AE90C028B75E8500695AD4 /* ZPageControl.swift */ = {isa = PBXFileReference; fileEncoding = 4; lastKnownFileType = sourcecode.swift; path = ZPageControl.swift; sourceTree = "<group>"; };
		04AE90C428B7627300695AD4 /* CustomCollectionViewCell.swift */ = {isa = PBXFileReference; fileEncoding = 4; lastKnownFileType = sourcecode.swift; path = CustomCollectionViewCell.swift; sourceTree = "<group>"; };
		04AE90C728B76FAF00695AD4 /* Home.swift */ = {isa = PBXFileReference; lastKnownFileType = sourcecode.swift; path = Home.swift; sourceTree = "<group>"; };
		6872543D49E883516C439154 /* Pods-Convenience Service.release.xcconfig */ = {isa = PBXFileReference; includeInIndex = 1; lastKnownFileType = text.xcconfig; name = "Pods-Convenience Service.release.xcconfig"; path = "Target Support Files/Pods-Convenience Service/Pods-Convenience Service.release.xcconfig"; sourceTree = "<group>"; };
		B458351FFB2B84BF7D43227A /* Pods_Convenience_Service.framework */ = {isa = PBXFileReference; explicitFileType = wrapper.framework; includeInIndex = 0; path = Pods_Convenience_Service.framework; sourceTree = BUILT_PRODUCTS_DIR; };
		FDAFAEE09D45765ED4BD53B0 /* Pods-Convenience Service.debug.xcconfig */ = {isa = PBXFileReference; includeInIndex = 1; lastKnownFileType = text.xcconfig; name = "Pods-Convenience Service.debug.xcconfig"; path = "Target Support Files/Pods-Convenience Service/Pods-Convenience Service.debug.xcconfig"; sourceTree = "<group>"; };
/* End PBXFileReference section */

/* Begin PBXFrameworksBuildPhase section */
		043929B128B69B86004387DA /* Frameworks */ = {
			isa = PBXFrameworksBuildPhase;
			buildActionMask = 2147483647;
			files = (
				F6F8626B90604BF67286652A /* Pods_Convenience_Service.framework in Frameworks */,
			);
			runOnlyForDeploymentPostprocessing = 0;
		};
/* End PBXFrameworksBuildPhase section */

/* Begin PBXGroup section */
		043929AB28B69B86004387DA = {
			isa = PBXGroup;
			children = (
				043929B628B69B86004387DA /* Convenience Service */,
				043929B528B69B86004387DA /* Products */,
				352F74CFA6002A82AB8765B9 /* Pods */,
				D580E959AD1F56E7EEE433D8 /* Frameworks */,
			);
			sourceTree = "<group>";
		};
		043929B528B69B86004387DA /* Products */ = {
			isa = PBXGroup;
			children = (
				043929B428B69B86004387DA /* Convenience Service.app */,
			);
			name = Products;
			sourceTree = "<group>";
		};
		043929B628B69B86004387DA /* Convenience Service */ = {
			isa = PBXGroup;
			children = (
				043929B728B69B86004387DA /* AppDelegate.swift */,
				043929B928B69B86004387DA /* SceneDelegate.swift */,
				043929BB28B69B86004387DA /* ViewController.swift */,
				043929D028B6A066004387DA /* Home */,
				043929BD28B69B86004387DA /* Main.storyboard */,
				04AE90C728B76FAF00695AD4 /* Home.swift */,
				04AE90BD28B75E8500695AD4 /* Source */,
				043929C328B69B87004387DA /* Assets.xcassets */,
				043929C528B69B87004387DA /* LaunchScreen.storyboard */,
				043929C828B69B87004387DA /* Info.plist */,
				043929C028B69B86004387DA /* Convenience_Service.xcdatamodeld */,
			);
			path = "Convenience Service";
			sourceTree = "<group>";
		};
		043929D028B6A066004387DA /* Home */ = {
			isa = PBXGroup;
			children = (
				04AE90C628B7627700695AD4 /* cell */,
				043929D428B6A26B004387DA /* Model */,
				043929D328B6A263004387DA /* VC */,
			);
			path = Home;
			sourceTree = "<group>";
		};
		043929D328B6A263004387DA /* VC */ = {
			isa = PBXGroup;
			children = (
				043929D128B6A088004387DA /* HomeViewController.swift */,
			);
			path = VC;
			sourceTree = "<group>";
		};
		043929D428B6A26B004387DA /* Model */ = {
			isa = PBXGroup;
			children = (
				043929D528B6A2B3004387DA /* HomeModel.swift */,
			);
			path = Model;
			sourceTree = "<group>";
		};
		04AE90BD28B75E8500695AD4 /* Source */ = {
			isa = PBXGroup;
			children = (
				04AE90BE28B75E8500695AD4 /* ZCycleView.swift */,
				04AE90BF28B75E8500695AD4 /* ZCycleLayout.swift */,
				04AE90C028B75E8500695AD4 /* ZPageControl.swift */,
			);
			path = Source;
			sourceTree = "<group>";
		};
		04AE90C628B7627700695AD4 /* cell */ = {
			isa = PBXGroup;
			children = (
				04AE90C428B7627300695AD4 /* CustomCollectionViewCell.swift */,
			);
			path = cell;
			sourceTree = "<group>";
		};
		352F74CFA6002A82AB8765B9 /* Pods */ = {
			isa = PBXGroup;
			children = (
				FDAFAEE09D45765ED4BD53B0 /* Pods-Convenience Service.debug.xcconfig */,
				6872543D49E883516C439154 /* Pods-Convenience Service.release.xcconfig */,
			);
			path = Pods;
			sourceTree = "<group>";
		};
		D580E959AD1F56E7EEE433D8 /* Frameworks */ = {
			isa = PBXGroup;
			children = (
				B458351FFB2B84BF7D43227A /* Pods_Convenience_Service.framework */,
			);
			name = Frameworks;
			sourceTree = "<group>";
		};
/* End PBXGroup section */

/* Begin PBXNativeTarget section */
		043929B328B69B86004387DA /* Convenience Service */ = {
			isa = PBXNativeTarget;
			buildConfigurationList = 043929CB28B69B87004387DA /* Build configuration list for PBXNativeTarget "Convenience Service" */;
			buildPhases = (
				FE5CC178F05397CC904D8FC8 /* [CP] Check Pods Manifest.lock */,
				043929B028B69B86004387DA /* Sources */,
				043929B128B69B86004387DA /* Frameworks */,
				043929B228B69B86004387DA /* Resources */,
				934A14C0F6CB232370F65FE6 /* [CP] Embed Pods Frameworks */,
			);
			buildRules = (
			);
			dependencies = (
			);
			name = "Convenience Service";
			productName = "Convenience Service";
			productReference = 043929B428B69B86004387DA /* Convenience Service.app */;
			productType = "com.apple.product-type.application";
		};
/* End PBXNativeTarget section */

/* Begin PBXProject section */
		043929AC28B69B86004387DA /* Project object */ = {
			isa = PBXProject;
			attributes = {
				BuildIndependentTargetsInParallel = 1;
				LastSwiftUpdateCheck = 1340;
				LastUpgradeCheck = 1340;
				TargetAttributes = {
					043929B328B69B86004387DA = {
						CreatedOnToolsVersion = 13.4;
					};
				};
			};
			buildConfigurationList = 043929AF28B69B86004387DA /* Build configuration list for PBXProject "Convenience Service" */;
			compatibilityVersion = "Xcode 13.0";
			developmentRegion = en;
			hasScannedForEncodings = 0;
			knownRegions = (
				en,
				Base,
			);
			mainGroup = 043929AB28B69B86004387DA;
			productRefGroup = 043929B528B69B86004387DA /* Products */;
			projectDirPath = "";
			projectRoot = "";
			targets = (
				043929B328B69B86004387DA /* Convenience Service */,
			);
		};
/* End PBXProject section */

/* Begin PBXResourcesBuildPhase section */
		043929B228B69B86004387DA /* Resources */ = {
			isa = PBXResourcesBuildPhase;
			buildActionMask = 2147483647;
			files = (
				043929C728B69B87004387DA /* LaunchScreen.storyboard in Resources */,
				043929C428B69B87004387DA /* Assets.xcassets in Resources */,
				043929BF28B69B86004387DA /* Main.storyboard in Resources */,
			);
			runOnlyForDeploymentPostprocessing = 0;
		};
/* End PBXResourcesBuildPhase section */

/* Begin PBXShellScriptBuildPhase section */
		934A14C0F6CB232370F65FE6 /* [CP] Embed Pods Frameworks */ = {
			isa = PBXShellScriptBuildPhase;
			buildActionMask = 2147483647;
			files = (
			);
			inputFileListPaths = (
				"${PODS_ROOT}/Target Support Files/Pods-Convenience Service/Pods-Convenience Service-frameworks-${CONFIGURATION}-input-files.xcfilelist",
			);
			name = "[CP] Embed Pods Frameworks";
			outputFileListPaths = (
				"${PODS_ROOT}/Target Support Files/Pods-Convenience Service/Pods-Convenience Service-frameworks-${CONFIGURATION}-output-files.xcfilelist",
			);
			runOnlyForDeploymentPostprocessing = 0;
			shellPath = /bin/sh;
			shellScript = "\"${PODS_ROOT}/Target Support Files/Pods-Convenience Service/Pods-Convenience Service-frameworks.sh\"\n";
			showEnvVarsInLog = 0;
		};
		FE5CC178F05397CC904D8FC8 /* [CP] Check Pods Manifest.lock */ = {
			isa = PBXShellScriptBuildPhase;
			buildActionMask = 2147483647;
			files = (
			);
			inputFileListPaths = (
			);
			inputPaths = (
				"${PODS_PODFILE_DIR_PATH}/Podfile.lock",
				"${PODS_ROOT}/Manifest.lock",
			);
			name = "[CP] Check Pods Manifest.lock";
			outputFileListPaths = (
			);
			outputPaths = (
				"$(DERIVED_FILE_DIR)/Pods-Convenience Service-checkManifestLockResult.txt",
			);
			runOnlyForDeploymentPostprocessing = 0;
			shellPath = /bin/sh;
			shellScript = "diff \"${PODS_PODFILE_DIR_PATH}/Podfile.lock\" \"${PODS_ROOT}/Manifest.lock\" > /dev/null\nif [ $? != 0 ] ; then\n    # print error to STDERR\n    echo \"error: The sandbox is not in sync with the Podfile.lock. Run 'pod install' or update your CocoaPods installation.\" >&2\n    exit 1\nfi\n# This output is used by Xcode 'outputs' to avoid re-running this script phase.\necho \"SUCCESS\" > \"${SCRIPT_OUTPUT_FILE_0}\"\n";
			showEnvVarsInLog = 0;
		};
/* End PBXShellScriptBuildPhase section */

/* Begin PBXSourcesBuildPhase section */
		043929B028B69B86004387DA /* Sources */ = {
			isa = PBXSourcesBuildPhase;
			buildActionMask = 2147483647;
			files = (
				043929D228B6A088004387DA /* HomeViewController.swift in Sources */,
				04AE90C528B7627300695AD4 /* CustomCollectionViewCell.swift in Sources */,
				04AE90C328B75E8500695AD4 /* ZPageControl.swift in Sources */,
				04AE90C828B76FAF00695AD4 /* Home.swift in Sources */,
				043929BC28B69B86004387DA /* ViewController.swift in Sources */,
				043929D628B6A2B3004387DA /* HomeModel.swift in Sources */,
				04AE90C128B75E8500695AD4 /* ZCycleView.swift in Sources */,
				043929B828B69B86004387DA /* AppDelegate.swift in Sources */,
				04AE90C228B75E8500695AD4 /* ZCycleLayout.swift in Sources */,
				043929C228B69B86004387DA /* Convenience_Service.xcdatamodeld in Sources */,
				043929BA28B69B86004387DA /* SceneDelegate.swift in Sources */,
			);
			runOnlyForDeploymentPostprocessing = 0;
		};
/* End PBXSourcesBuildPhase section */

/* Begin PBXVariantGroup section */
		043929BD28B69B86004387DA /* Main.storyboard */ = {
			isa = PBXVariantGroup;
			children = (
				043929BE28B69B86004387DA /* Base */,
			);
			name = Main.storyboard;
			sourceTree = "<group>";
		};
		043929C528B69B87004387DA /* LaunchScreen.storyboard */ = {
			isa = PBXVariantGroup;
			children = (
				043929C628B69B87004387DA /* Base */,
			);
			name = LaunchScreen.storyboard;
			sourceTree = "<group>";
		};
/* End PBXVariantGroup section */

/* Begin XCBuildConfiguration section */
		043929C928B69B87004387DA /* Debug */ = {
			isa = XCBuildConfiguration;
			buildSettings = {
				ALWAYS_SEARCH_USER_PATHS = NO;
				CLANG_ANALYZER_NONNULL = YES;
				CLANG_ANALYZER_NUMBER_OBJECT_CONVERSION = YES_AGGRESSIVE;
				CLANG_CXX_LANGUAGE_STANDARD = "gnu++17";
				CLANG_ENABLE_MODULES = YES;
				CLANG_ENABLE_OBJC_ARC = YES;
				CLANG_ENABLE_OBJC_WEAK = YES;
				CLANG_WARN_BLOCK_CAPTURE_AUTORELEASING = YES;
				CLANG_WARN_BOOL_CONVERSION = YES;
				CLANG_WARN_COMMA = YES;
				CLANG_WARN_CONSTANT_CONVERSION = YES;
				CLANG_WARN_DEPRECATED_OBJC_IMPLEMENTATIONS = YES;
				CLANG_WARN_DIRECT_OBJC_ISA_USAGE = YES_ERROR;
				CLANG_WARN_DOCUMENTATION_COMMENTS = YES;
				CLANG_WARN_EMPTY_BODY = YES;
				CLANG_WARN_ENUM_CONVERSION = YES;
				CLANG_WARN_INFINITE_RECURSION = YES;
				CLANG_WARN_INT_CONVERSION = YES;
				CLANG_WARN_NON_LITERAL_NULL_CONVERSION = YES;
				CLANG_WARN_OBJC_IMPLICIT_RETAIN_SELF = YES;
				CLANG_WARN_OBJC_LITERAL_CONVERSION = YES;
				CLANG_WARN_OBJC_ROOT_CLASS = YES_ERROR;
				CLANG_WARN_QUOTED_INCLUDE_IN_FRAMEWORK_HEADER = YES;
				CLANG_WARN_RANGE_LOOP_ANALYSIS = YES;
				CLANG_WARN_STRICT_PROTOTYPES = YES;
				CLANG_WARN_SUSPICIOUS_MOVE = YES;
				CLANG_WARN_UNGUARDED_AVAILABILITY = YES_AGGRESSIVE;
				CLANG_WARN_UNREACHABLE_CODE = YES;
				CLANG_WARN__DUPLICATE_METHOD_MATCH = YES;
				COPY_PHASE_STRIP = NO;
				DEBUG_INFORMATION_FORMAT = dwarf;
				ENABLE_STRICT_OBJC_MSGSEND = YES;
				ENABLE_TESTABILITY = YES;
				GCC_C_LANGUAGE_STANDARD = gnu11;
				GCC_DYNAMIC_NO_PIC = NO;
				GCC_NO_COMMON_BLOCKS = YES;
				GCC_OPTIMIZATION_LEVEL = 0;
				GCC_PREPROCESSOR_DEFINITIONS = (
					"DEBUG=1",
					"$(inherited)",
				);
				GCC_WARN_64_TO_32_BIT_CONVERSION = YES;
				GCC_WARN_ABOUT_RETURN_TYPE = YES_ERROR;
				GCC_WARN_UNDECLARED_SELECTOR = YES;
				GCC_WARN_UNINITIALIZED_AUTOS = YES_AGGRESSIVE;
				GCC_WARN_UNUSED_FUNCTION = YES;
				GCC_WARN_UNUSED_VARIABLE = YES;
				IPHONEOS_DEPLOYMENT_TARGET = 15.5;
				MTL_ENABLE_DEBUG_INFO = INCLUDE_SOURCE;
				MTL_FAST_MATH = YES;
				ONLY_ACTIVE_ARCH = YES;
				SDKROOT = iphoneos;
				SWIFT_ACTIVE_COMPILATION_CONDITIONS = DEBUG;
				SWIFT_OPTIMIZATION_LEVEL = "-Onone";
			};
			name = Debug;
		};
		043929CA28B69B87004387DA /* Release */ = {
			isa = XCBuildConfiguration;
			buildSettings = {
				ALWAYS_SEARCH_USER_PATHS = NO;
				CLANG_ANALYZER_NONNULL = YES;
				CLANG_ANALYZER_NUMBER_OBJECT_CONVERSION = YES_AGGRESSIVE;
				CLANG_CXX_LANGUAGE_STANDARD = "gnu++17";
				CLANG_ENABLE_MODULES = YES;
				CLANG_ENABLE_OBJC_ARC = YES;
				CLANG_ENABLE_OBJC_WEAK = YES;
				CLANG_WARN_BLOCK_CAPTURE_AUTORELEASING = YES;
				CLANG_WARN_BOOL_CONVERSION = YES;
				CLANG_WARN_COMMA = YES;
				CLANG_WARN_CONSTANT_CONVERSION = YES;
				CLANG_WARN_DEPRECATED_OBJC_IMPLEMENTATIONS = YES;
				CLANG_WARN_DIRECT_OBJC_ISA_USAGE = YES_ERROR;
				CLANG_WARN_DOCUMENTATION_COMMENTS = YES;
				CLANG_WARN_EMPTY_BODY = YES;
				CLANG_WARN_ENUM_CONVERSION = YES;
				CLANG_WARN_INFINITE_RECURSION = YES;
				CLANG_WARN_INT_CONVERSION = YES;
				CLANG_WARN_NON_LITERAL_NULL_CONVERSION = YES;
				CLANG_WARN_OBJC_IMPLICIT_RETAIN_SELF = YES;
				CLANG_WARN_OBJC_LITERAL_CONVERSION = YES;
				CLANG_WARN_OBJC_ROOT_CLASS = YES_ERROR;
				CLANG_WARN_QUOTED_INCLUDE_IN_FRAMEWORK_HEADER = YES;
				CLANG_WARN_RANGE_LOOP_ANALYSIS = YES;
				CLANG_WARN_STRICT_PROTOTYPES = YES;
				CLANG_WARN_SUSPICIOUS_MOVE = YES;
				CLANG_WARN_UNGUARDED_AVAILABILITY = YES_AGGRESSIVE;
				CLANG_WARN_UNREACHABLE_CODE = YES;
				CLANG_WARN__DUPLICATE_METHOD_MATCH = YES;
				COPY_PHASE_STRIP = NO;
				DEBUG_INFORMATION_FORMAT = "dwarf-with-dsym";
				ENABLE_NS_ASSERTIONS = NO;
				ENABLE_STRICT_OBJC_MSGSEND = YES;
				GCC_C_LANGUAGE_STANDARD = gnu11;
				GCC_NO_COMMON_BLOCKS = YES;
				GCC_WARN_64_TO_32_BIT_CONVERSION = YES;
				GCC_WARN_ABOUT_RETURN_TYPE = YES_ERROR;
				GCC_WARN_UNDECLARED_SELECTOR = YES;
				GCC_WARN_UNINITIALIZED_AUTOS = YES_AGGRESSIVE;
				GCC_WARN_UNUSED_FUNCTION = YES;
				GCC_WARN_UNUSED_VARIABLE = YES;
				IPHONEOS_DEPLOYMENT_TARGET = 15.5;
				MTL_ENABLE_DEBUG_INFO = NO;
				MTL_FAST_MATH = YES;
				SDKROOT = iphoneos;
				SWIFT_COMPILATION_MODE = wholemodule;
				SWIFT_OPTIMIZATION_LEVEL = "-O";
				VALIDATE_PRODUCT = YES;
			};
			name = Release;
		};
		043929CC28B69B87004387DA /* Debug */ = {
			isa = XCBuildConfiguration;
			baseConfigurationReference = FDAFAEE09D45765ED4BD53B0 /* Pods-Convenience Service.debug.xcconfig */;
			buildSettings = {
				ASSETCATALOG_COMPILER_APPICON_NAME = AppIcon;
				ASSETCATALOG_COMPILER_GLOBAL_ACCENT_COLOR_NAME = AccentColor;
				CODE_SIGN_STYLE = Automatic;
				CURRENT_PROJECT_VERSION = 1;
				GENERATE_INFOPLIST_FILE = YES;
				INFOPLIST_FILE = "Convenience Service/Info.plist";
				INFOPLIST_KEY_UIApplicationSupportsIndirectInputEvents = YES;
				INFOPLIST_KEY_UILaunchStoryboardName = LaunchScreen;
				INFOPLIST_KEY_UIMainStoryboardFile = Main;
				INFOPLIST_KEY_UISupportedInterfaceOrientations_iPad = "UIInterfaceOrientationPortrait UIInterfaceOrientationPortraitUpsideDown UIInterfaceOrientationLandscapeLeft UIInterfaceOrientationLandscapeRight";
				INFOPLIST_KEY_UISupportedInterfaceOrientations_iPhone = "UIInterfaceOrientationPortrait UIInterfaceOrientationLandscapeLeft UIInterfaceOrientationLandscapeRight";
				LD_RUNPATH_SEARCH_PATHS = (
					"$(inherited)",
					"@executable_path/Frameworks",
				);
				MARKETING_VERSION = 1.0;
				PRODUCT_BUNDLE_IDENTIFIER = "com.TMYLYH.Convenience-Service";
				PRODUCT_NAME = "$(TARGET_NAME)";
				SWIFT_EMIT_LOC_STRINGS = YES;
				SWIFT_VERSION = 5.0;
				TARGETED_DEVICE_FAMILY = "1,2";
			};
			name = Debug;
		};
		043929CD28B69B87004387DA /* Release */ = {
			isa = XCBuildConfiguration;
			baseConfigurationReference = 6872543D49E883516C439154 /* Pods-Convenience Service.release.xcconfig */;
			buildSettings = {
				ASSETCATALOG_COMPILER_APPICON_NAME = AppIcon;
				ASSETCATALOG_COMPILER_GLOBAL_ACCENT_COLOR_NAME = AccentColor;
				CODE_SIGN_STYLE = Automatic;
				CURRENT_PROJECT_VERSION = 1;
				GENERATE_INFOPLIST_FILE = YES;
				INFOPLIST_FILE = "Convenience Service/Info.plist";
				INFOPLIST_KEY_UIApplicationSupportsIndirectInputEvents = YES;
				INFOPLIST_KEY_UILaunchStoryboardName = LaunchScreen;
				INFOPLIST_KEY_UIMainStoryboardFile = Main;
				INFOPLIST_KEY_UISupportedInterfaceOrientations_iPad = "UIInterfaceOrientationPortrait UIInterfaceOrientationPortraitUpsideDown UIInterfaceOrientationLandscapeLeft UIInterfaceOrientationLandscapeRight";
				INFOPLIST_KEY_UISupportedInterfaceOrientations_iPhone = "UIInterfaceOrientationPortrait UIInterfaceOrientationLandscapeLeft UIInterfaceOrientationLandscapeRight";
				LD_RUNPATH_SEARCH_PATHS = (
					"$(inherited)",
					"@executable_path/Frameworks",
				);
				MARKETING_VERSION = 1.0;
				PRODUCT_BUNDLE_IDENTIFIER = "com.TMYLYH.Convenience-Service";
				PRODUCT_NAME = "$(TARGET_NAME)";
				SWIFT_EMIT_LOC_STRINGS = YES;
				SWIFT_VERSION = 5.0;
				TARGETED_DEVICE_FAMILY = "1,2";
			};
			name = Release;
		};
/* End XCBuildConfiguration section */

/* Begin XCConfigurationList section */
		043929AF28B69B86004387DA /* Build configuration list for PBXProject "Convenience Service" */ = {
			isa = XCConfigurationList;
			buildConfigurations = (
				043929C928B69B87004387DA /* Debug */,
				043929CA28B69B87004387DA /* Release */,
			);
			defaultConfigurationIsVisible = 0;
			defaultConfigurationName = Release;
		};
		043929CB28B69B87004387DA /* Build configuration list for PBXNativeTarget "Convenience Service" */ = {
			isa = XCConfigurationList;
			buildConfigurations = (
				043929CC28B69B87004387DA /* Debug */,
				043929CD28B69B87004387DA /* Release */,
			);
			defaultConfigurationIsVisible = 0;
			defaultConfigurationName = Release;
		};
/* End XCConfigurationList section */

/* Begin XCVersionGroup section */
		043929C028B69B86004387DA /* Convenience_Service.xcdatamodeld */ = {
			isa = XCVersionGroup;
			children = (
				043929C128B69B86004387DA /* Convenience_Service.xcdatamodel */,
			);
			currentVersion = 043929C128B69B86004387DA /* Convenience_Service.xcdatamodel */;
			path = Convenience_Service.xcdatamodeld;
			sourceTree = "<group>";
			versionGroupType = wrapper.xcdatamodel;
		};
/* End XCVersionGroup section */
	};
	rootObject = 043929AC28B69B86004387DA /* Project object */;
}
